# This file is automatically @generated by Cargo.
# It is not intended for manual editing.
version = 3

[[package]]
name = "cl-sys"
version = "0.4.2"
source = "registry+https://github.com/rust-lang/crates.io-index"
checksum = "e8573fa3ff8acd6c49e8e113296c54277e82376b96c6ca6307848632cce38e44"
dependencies = [
 "libc",
]

[[package]]
name = "cl3"
version = "0.6.1"
source = "registry+https://github.com/rust-lang/crates.io-index"
checksum = "027439ac70ded71fafa3770ff72597772dd187e6625ccb6746b1c1792df9f8c7"
dependencies = [
 "cl-sys",
 "libc",
]

[[package]]
name = "libc"
version = "0.2.105"
source = "registry+https://github.com/rust-lang/crates.io-index"
checksum = "869d572136620d55835903746bcb5cdc54cb2851fd0aeec53220b4bb65ef3013"

[[package]]
name = "opencl3"
version = "0.6.0"
source = "registry+https://github.com/rust-lang/crates.io-index"
checksum = "62b3028f5853fe1a5c3e46aa8add67b17c6d4bce5a31568bf0b1ba74fd5014bc"
dependencies = [
 "cl3",
 "libc",
]

[[package]]
name = "rust_cl"
version = "0.1.0"
dependencies = [
 "opencl3",
]
